
Microsoft Visual Studio Solution File, Format Version 12.00
# Visual Studio 2012
VisualStudioVersion = 14.0.22823.1
MinimumVisualStudioVersion = 10.0.40219.1
Project("{FAE04EC0-301F-11D3-BF4B-00C04F79EFBC}") = "TekConf.Core", "TekConf\TekConf.Core\TekConf.Core.csproj", "{25892563-17F3-4F53-8A5E-EA62BB3A480F}"
EndProject
Project("{FAE04EC0-301F-11D3-BF4B-00C04F79EFBC}") = "TekConf.Forms", "TekConf\TekConf.Forms\TekConf.Forms.csproj", "{75C36141-914D-4E54-A283-5CE0CEAA6D19}"
EndProject
Project("{2150E333-8FDC-42A3-9474-1A3956D46DE8}") = "Platform Projects", "Platform Projects", "{51769D52-16EE-46C1-A44E-907583A68B21}"
EndProject
Project("{FAE04EC0-301F-11D3-BF4B-00C04F79EFBC}") = "TekConf.iOS", "TekConf\TekConf.iOS\TekConf.iOS.csproj", "{E33DEEF3-7E21-4B11-A7A2-4529FE900F36}"
EndProject
Project("{FAE04EC0-301F-11D3-BF4B-00C04F79EFBC}") = "TekConf.Droid", "TekConf\TekConf.Droid\TekConf.Droid.csproj", "{82102068-AA76-4B18-B5F5-9EE3CF5C8225}"
EndProject
Project("{FAE04EC0-301F-11D3-BF4B-00C04F79EFBC}") = "TekConf.WinPhone", "TekConf\TekConf.WinPhone\TekConf.WinPhone.csproj", "{2A0002FC-B531-4A60-80BD-538FD993F594}"
EndProject
Project("{2150E333-8FDC-42A3-9474-1A3956D46DE8}") = "Tests", "Tests", "{806325CB-D934-4A15-A476-408F665A6A0B}"
EndProject
Project("{FAE04EC0-301F-11D3-BF4B-00C04F79EFBC}") = "TekConf.Tests.UI", "Tests\TekConf.Tests.UI\TekConf.Tests.UI.csproj", "{35846AAB-F40C-4124-AB08-470D2D7168E3}"
EndProject
Project("{FAE04EC0-301F-11D3-BF4B-00C04F79EFBC}") = "TekConf.Tests.Unit", "Tests\TekConf.Tests.UI\TekConf.Tests.Unit\TekConf.Tests.Unit.csproj", "{93BA4AE6-BF20-42CD-A322-27D8899E7DF7}"
EndProject
Global
	GlobalSection(SolutionConfigurationPlatforms) = preSolution
		Ad-Hoc|Any CPU = Ad-Hoc|Any CPU
		Ad-Hoc|ARM = Ad-Hoc|ARM
		Ad-Hoc|iPhone = Ad-Hoc|iPhone
		Ad-Hoc|iPhoneSimulator = Ad-Hoc|iPhoneSimulator
		Ad-Hoc|Mixed Platforms = Ad-Hoc|Mixed Platforms
		Ad-Hoc|x64 = Ad-Hoc|x64
		Ad-Hoc|x86 = Ad-Hoc|x86
		AppStore|Any CPU = AppStore|Any CPU
		AppStore|ARM = AppStore|ARM
		AppStore|iPhone = AppStore|iPhone
		AppStore|iPhoneSimulator = AppStore|iPhoneSimulator
		AppStore|Mixed Platforms = AppStore|Mixed Platforms
		AppStore|x64 = AppStore|x64
		AppStore|x86 = AppStore|x86
		Debug|Any CPU = Debug|Any CPU
		Debug|ARM = Debug|ARM
		Debug|iPhone = Debug|iPhone
		Debug|iPhoneSimulator = Debug|iPhoneSimulator
		Debug|Mixed Platforms = Debug|Mixed Platforms
		Debug|x64 = Debug|x64
		Debug|x86 = Debug|x86
		Release|Any CPU = Release|Any CPU
		Release|ARM = Release|ARM
		Release|iPhone = Release|iPhone
		Release|iPhoneSimulator = Release|iPhoneSimulator
		Release|Mixed Platforms = Release|Mixed Platforms
		Release|x64 = Release|x64
		Release|x86 = Release|x86
	EndGlobalSection
	GlobalSection(ProjectConfigurationPlatforms) = postSolution
		{25892563-17F3-4F53-8A5E-EA62BB3A480F}.Ad-Hoc|Any CPU.ActiveCfg = Release|Any CPU
		{25892563-17F3-4F53-8A5E-EA62BB3A480F}.Ad-Hoc|Any CPU.Build.0 = Release|Any CPU
		{25892563-17F3-4F53-8A5E-EA62BB3A480F}.Ad-Hoc|ARM.ActiveCfg = Release|Any CPU
		{25892563-17F3-4F53-8A5E-EA62BB3A480F}.Ad-Hoc|ARM.Build.0 = Release|Any CPU
		{25892563-17F3-4F53-8A5E-EA62BB3A480F}.Ad-Hoc|iPhone.ActiveCfg = Release|Any CPU
		{25892563-17F3-4F53-8A5E-EA62BB3A480F}.Ad-Hoc|iPhone.Build.0 = Release|Any CPU
		{25892563-17F3-4F53-8A5E-EA62BB3A480F}.Ad-Hoc|iPhoneSimulator.ActiveCfg = Release|Any CPU
		{25892563-17F3-4F53-8A5E-EA62BB3A480F}.Ad-Hoc|iPhoneSimulator.Build.0 = Release|Any CPU
		{25892563-17F3-4F53-8A5E-EA62BB3A480F}.Ad-Hoc|Mixed Platforms.ActiveCfg = Release|Any CPU
		{25892563-17F3-4F53-8A5E-EA62BB3A480F}.Ad-Hoc|Mixed Platforms.Build.0 = Release|Any CPU
		{25892563-17F3-4F53-8A5E-EA62BB3A480F}.Ad-Hoc|x64.ActiveCfg = Release|Any CPU
		{25892563-17F3-4F53-8A5E-EA62BB3A480F}.Ad-Hoc|x64.Build.0 = Release|Any CPU
		{25892563-17F3-4F53-8A5E-EA62BB3A480F}.Ad-Hoc|x86.ActiveCfg = Release|Any CPU
		{25892563-17F3-4F53-8A5E-EA62BB3A480F}.Ad-Hoc|x86.Build.0 = Release|Any CPU
		{25892563-17F3-4F53-8A5E-EA62BB3A480F}.AppStore|Any CPU.ActiveCfg = Release|Any CPU
		{25892563-17F3-4F53-8A5E-EA62BB3A480F}.AppStore|Any CPU.Build.0 = Release|Any CPU
		{25892563-17F3-4F53-8A5E-EA62BB3A480F}.AppStore|ARM.ActiveCfg = Release|Any CPU
		{25892563-17F3-4F53-8A5E-EA62BB3A480F}.AppStore|ARM.Build.0 = Release|Any CPU
		{25892563-17F3-4F53-8A5E-EA62BB3A480F}.AppStore|iPhone.ActiveCfg = Release|Any CPU
		{25892563-17F3-4F53-8A5E-EA62BB3A480F}.AppStore|iPhone.Build.0 = Release|Any CPU
		{25892563-17F3-4F53-8A5E-EA62BB3A480F}.AppStore|iPhoneSimulator.ActiveCfg = Release|Any CPU
		{25892563-17F3-4F53-8A5E-EA62BB3A480F}.AppStore|iPhoneSimulator.Build.0 = Release|Any CPU
		{25892563-17F3-4F53-8A5E-EA62BB3A480F}.AppStore|Mixed Platforms.ActiveCfg = Release|Any CPU
		{25892563-17F3-4F53-8A5E-EA62BB3A480F}.AppStore|Mixed Platforms.Build.0 = Release|Any CPU
		{25892563-17F3-4F53-8A5E-EA62BB3A480F}.AppStore|x64.ActiveCfg = Release|Any CPU
		{25892563-17F3-4F53-8A5E-EA62BB3A480F}.AppStore|x64.Build.0 = Release|Any CPU
		{25892563-17F3-4F53-8A5E-EA62BB3A480F}.AppStore|x86.ActiveCfg = Release|Any CPU
		{25892563-17F3-4F53-8A5E-EA62BB3A480F}.AppStore|x86.Build.0 = Release|Any CPU
		{25892563-17F3-4F53-8A5E-EA62BB3A480F}.Debug|Any CPU.ActiveCfg = Debug|Any CPU
		{25892563-17F3-4F53-8A5E-EA62BB3A480F}.Debug|Any CPU.Build.0 = Debug|Any CPU
		{25892563-17F3-4F53-8A5E-EA62BB3A480F}.Debug|ARM.ActiveCfg = Debug|Any CPU
		{25892563-17F3-4F53-8A5E-EA62BB3A480F}.Debug|ARM.Build.0 = Debug|Any CPU
		{25892563-17F3-4F53-8A5E-EA62BB3A480F}.Debug|iPhone.ActiveCfg = Debug|Any CPU
		{25892563-17F3-4F53-8A5E-EA62BB3A480F}.Debug|iPhone.Build.0 = Debug|Any CPU
		{25892563-17F3-4F53-8A5E-EA62BB3A480F}.Debug|iPhoneSimulator.ActiveCfg = Debug|Any CPU
		{25892563-17F3-4F53-8A5E-EA62BB3A480F}.Debug|iPhoneSimulator.Build.0 = Debug|Any CPU
		{25892563-17F3-4F53-8A5E-EA62BB3A480F}.Debug|Mixed Platforms.ActiveCfg = Debug|Any CPU
		{25892563-17F3-4F53-8A5E-EA62BB3A480F}.Debug|Mixed Platforms.Build.0 = Debug|Any CPU
		{25892563-17F3-4F53-8A5E-EA62BB3A480F}.Debug|x64.ActiveCfg = Debug|Any CPU
		{25892563-17F3-4F53-8A5E-EA62BB3A480F}.Debug|x64.Build.0 = Debug|Any CPU
		{25892563-17F3-4F53-8A5E-EA62BB3A480F}.Debug|x86.ActiveCfg = Debug|Any CPU
		{25892563-17F3-4F53-8A5E-EA62BB3A480F}.Debug|x86.Build.0 = Debug|Any CPU
		{25892563-17F3-4F53-8A5E-EA62BB3A480F}.Release|Any CPU.ActiveCfg = Release|Any CPU
		{25892563-17F3-4F53-8A5E-EA62BB3A480F}.Release|Any CPU.Build.0 = Release|Any CPU
		{25892563-17F3-4F53-8A5E-EA62BB3A480F}.Release|ARM.ActiveCfg = Release|Any CPU
		{25892563-17F3-4F53-8A5E-EA62BB3A480F}.Release|ARM.Build.0 = Release|Any CPU
		{25892563-17F3-4F53-8A5E-EA62BB3A480F}.Release|iPhone.ActiveCfg = Release|Any CPU
		{25892563-17F3-4F53-8A5E-EA62BB3A480F}.Release|iPhone.Build.0 = Release|Any CPU
		{25892563-17F3-4F53-8A5E-EA62BB3A480F}.Release|iPhoneSimulator.ActiveCfg = Release|Any CPU
		{25892563-17F3-4F53-8A5E-EA62BB3A480F}.Release|iPhoneSimulator.Build.0 = Release|Any CPU
		{25892563-17F3-4F53-8A5E-EA62BB3A480F}.Release|Mixed Platforms.ActiveCfg = Release|Any CPU
		{25892563-17F3-4F53-8A5E-EA62BB3A480F}.Release|Mixed Platforms.Build.0 = Release|Any CPU
		{25892563-17F3-4F53-8A5E-EA62BB3A480F}.Release|x64.ActiveCfg = Release|Any CPU
		{25892563-17F3-4F53-8A5E-EA62BB3A480F}.Release|x64.Build.0 = Release|Any CPU
		{25892563-17F3-4F53-8A5E-EA62BB3A480F}.Release|x86.ActiveCfg = Release|Any CPU
		{25892563-17F3-4F53-8A5E-EA62BB3A480F}.Release|x86.Build.0 = Release|Any CPU
		{2A0002FC-B531-4A60-80BD-538FD993F594}.Ad-Hoc|Any CPU.ActiveCfg = Release|Any CPU
		{2A0002FC-B531-4A60-80BD-538FD993F594}.Ad-Hoc|Any CPU.Build.0 = Release|Any CPU
		{2A0002FC-B531-4A60-80BD-538FD993F594}.Ad-Hoc|Any CPU.Deploy.0 = Release|Any CPU
		{2A0002FC-B531-4A60-80BD-538FD993F594}.Ad-Hoc|ARM.ActiveCfg = Release|ARM
		{2A0002FC-B531-4A60-80BD-538FD993F594}.Ad-Hoc|ARM.Build.0 = Release|ARM
		{2A0002FC-B531-4A60-80BD-538FD993F594}.Ad-Hoc|ARM.Deploy.0 = Release|ARM
		{2A0002FC-B531-4A60-80BD-538FD993F594}.Ad-Hoc|iPhone.ActiveCfg = Release|Any CPU
		{2A0002FC-B531-4A60-80BD-538FD993F594}.Ad-Hoc|iPhoneSimulator.ActiveCfg = Release|Any CPU
		{2A0002FC-B531-4A60-80BD-538FD993F594}.Ad-Hoc|Mixed Platforms.ActiveCfg = Release|x86
		{2A0002FC-B531-4A60-80BD-538FD993F594}.Ad-Hoc|Mixed Platforms.Build.0 = Release|x86
		{2A0002FC-B531-4A60-80BD-538FD993F594}.Ad-Hoc|Mixed Platforms.Deploy.0 = Release|x86
		{2A0002FC-B531-4A60-80BD-538FD993F594}.Ad-Hoc|x64.ActiveCfg = Debug|Any CPU
		{2A0002FC-B531-4A60-80BD-538FD993F594}.Ad-Hoc|x86.ActiveCfg = Release|x86
		{2A0002FC-B531-4A60-80BD-538FD993F594}.Ad-Hoc|x86.Build.0 = Release|x86
		{2A0002FC-B531-4A60-80BD-538FD993F594}.Ad-Hoc|x86.Deploy.0 = Release|x86
		{2A0002FC-B531-4A60-80BD-538FD993F594}.AppStore|Any CPU.ActiveCfg = Release|Any CPU
		{2A0002FC-B531-4A60-80BD-538FD993F594}.AppStore|Any CPU.Build.0 = Release|Any CPU
		{2A0002FC-B531-4A60-80BD-538FD993F594}.AppStore|Any CPU.Deploy.0 = Release|Any CPU
		{2A0002FC-B531-4A60-80BD-538FD993F594}.AppStore|ARM.ActiveCfg = Release|ARM
		{2A0002FC-B531-4A60-80BD-538FD993F594}.AppStore|ARM.Build.0 = Release|ARM
		{2A0002FC-B531-4A60-80BD-538FD993F594}.AppStore|ARM.Deploy.0 = Release|ARM
		{2A0002FC-B531-4A60-80BD-538FD993F594}.AppStore|iPhone.ActiveCfg = Release|Any CPU
		{2A0002FC-B531-4A60-80BD-538FD993F594}.AppStore|iPhoneSimulator.ActiveCfg = Release|Any CPU
		{2A0002FC-B531-4A60-80BD-538FD993F594}.AppStore|Mixed Platforms.ActiveCfg = Release|x86
		{2A0002FC-B531-4A60-80BD-538FD993F594}.AppStore|Mixed Platforms.Build.0 = Release|x86
		{2A0002FC-B531-4A60-80BD-538FD993F594}.AppStore|Mixed Platforms.Deploy.0 = Release|x86
		{2A0002FC-B531-4A60-80BD-538FD993F594}.AppStore|x64.ActiveCfg = Debug|Any CPU
		{2A0002FC-B531-4A60-80BD-538FD993F594}.AppStore|x86.ActiveCfg = Release|x86
		{2A0002FC-B531-4A60-80BD-538FD993F594}.AppStore|x86.Build.0 = Release|x86
		{2A0002FC-B531-4A60-80BD-538FD993F594}.AppStore|x86.Deploy.0 = Release|x86
		{2A0002FC-B531-4A60-80BD-538FD993F594}.Debug|Any CPU.ActiveCfg = Debug|Any CPU
		{2A0002FC-B531-4A60-80BD-538FD993F594}.Debug|Any CPU.Build.0 = Debug|Any CPU
		{2A0002FC-B531-4A60-80BD-538FD993F594}.Debug|Any CPU.Deploy.0 = Debug|Any CPU
		{2A0002FC-B531-4A60-80BD-538FD993F594}.Debug|ARM.ActiveCfg = Debug|ARM
		{2A0002FC-B531-4A60-80BD-538FD993F594}.Debug|ARM.Build.0 = Debug|ARM
		{2A0002FC-B531-4A60-80BD-538FD993F594}.Debug|ARM.Deploy.0 = Debug|ARM
		{2A0002FC-B531-4A60-80BD-538FD993F594}.Debug|iPhone.ActiveCfg = Debug|Any CPU
		{2A0002FC-B531-4A60-80BD-538FD993F594}.Debug|iPhoneSimulator.ActiveCfg = Debug|Any CPU
		{2A0002FC-B531-4A60-80BD-538FD993F594}.Debug|Mixed Platforms.ActiveCfg = Debug|x86
		{2A0002FC-B531-4A60-80BD-538FD993F594}.Debug|Mixed Platforms.Build.0 = Debug|x86
		{2A0002FC-B531-4A60-80BD-538FD993F594}.Debug|Mixed Platforms.Deploy.0 = Debug|x86
		{2A0002FC-B531-4A60-80BD-538FD993F594}.Debug|x64.ActiveCfg = Debug|Any CPU
		{2A0002FC-B531-4A60-80BD-538FD993F594}.Debug|x86.ActiveCfg = Debug|x86
		{2A0002FC-B531-4A60-80BD-538FD993F594}.Debug|x86.Build.0 = Debug|x86
		{2A0002FC-B531-4A60-80BD-538FD993F594}.Debug|x86.Deploy.0 = Debug|x86
		{2A0002FC-B531-4A60-80BD-538FD993F594}.Release|Any CPU.ActiveCfg = Release|Any CPU
		{2A0002FC-B531-4A60-80BD-538FD993F594}.Release|Any CPU.Build.0 = Release|Any CPU
		{2A0002FC-B531-4A60-80BD-538FD993F594}.Release|Any CPU.Deploy.0 = Release|Any CPU
		{2A0002FC-B531-4A60-80BD-538FD993F594}.Release|ARM.ActiveCfg = Release|ARM
		{2A0002FC-B531-4A60-80BD-538FD993F594}.Release|ARM.Build.0 = Release|ARM
		{2A0002FC-B531-4A60-80BD-538FD993F594}.Release|ARM.Deploy.0 = Release|ARM
		{2A0002FC-B531-4A60-80BD-538FD993F594}.Release|iPhone.ActiveCfg = Release|Any CPU
		{2A0002FC-B531-4A60-80BD-538FD993F594}.Release|iPhoneSimulator.ActiveCfg = Release|Any CPU
		{2A0002FC-B531-4A60-80BD-538FD993F594}.Release|Mixed Platforms.ActiveCfg = Release|x86
		{2A0002FC-B531-4A60-80BD-538FD993F594}.Release|Mixed Platforms.Build.0 = Release|x86
		{2A0002FC-B531-4A60-80BD-538FD993F594}.Release|Mixed Platforms.Deploy.0 = Release|x86
		{2A0002FC-B531-4A60-80BD-538FD993F594}.Release|x64.ActiveCfg = Release|Any CPU
		{2A0002FC-B531-4A60-80BD-538FD993F594}.Release|x86.ActiveCfg = Release|x86
		{2A0002FC-B531-4A60-80BD-538FD993F594}.Release|x86.Build.0 = Release|x86
		{2A0002FC-B531-4A60-80BD-538FD993F594}.Release|x86.Deploy.0 = Release|x86
		{35846AAB-F40C-4124-AB08-470D2D7168E3}.Ad-Hoc|Any CPU.ActiveCfg = Release|Any CPU
		{35846AAB-F40C-4124-AB08-470D2D7168E3}.Ad-Hoc|Any CPU.Build.0 = Release|Any CPU
		{35846AAB-F40C-4124-AB08-470D2D7168E3}.Ad-Hoc|ARM.ActiveCfg = Release|Any CPU
		{35846AAB-F40C-4124-AB08-470D2D7168E3}.Ad-Hoc|ARM.Build.0 = Release|Any CPU
		{35846AAB-F40C-4124-AB08-470D2D7168E3}.Ad-Hoc|iPhone.ActiveCfg = Release|Any CPU
		{35846AAB-F40C-4124-AB08-470D2D7168E3}.Ad-Hoc|iPhone.Build.0 = Release|Any CPU
		{35846AAB-F40C-4124-AB08-470D2D7168E3}.Ad-Hoc|iPhoneSimulator.ActiveCfg = Release|Any CPU
		{35846AAB-F40C-4124-AB08-470D2D7168E3}.Ad-Hoc|iPhoneSimulator.Build.0 = Release|Any CPU
		{35846AAB-F40C-4124-AB08-470D2D7168E3}.Ad-Hoc|Mixed Platforms.ActiveCfg = Release|Any CPU
		{35846AAB-F40C-4124-AB08-470D2D7168E3}.Ad-Hoc|Mixed Platforms.Build.0 = Release|Any CPU
		{35846AAB-F40C-4124-AB08-470D2D7168E3}.Ad-Hoc|x64.ActiveCfg = Release|Any CPU
		{35846AAB-F40C-4124-AB08-470D2D7168E3}.Ad-Hoc|x64.Build.0 = Release|Any CPU
		{35846AAB-F40C-4124-AB08-470D2D7168E3}.Ad-Hoc|x86.ActiveCfg = Release|Any CPU
		{35846AAB-F40C-4124-AB08-470D2D7168E3}.Ad-Hoc|x86.Build.0 = Release|Any CPU
		{35846AAB-F40C-4124-AB08-470D2D7168E3}.AppStore|Any CPU.ActiveCfg = Release|Any CPU
		{35846AAB-F40C-4124-AB08-470D2D7168E3}.AppStore|Any CPU.Build.0 = Release|Any CPU
		{35846AAB-F40C-4124-AB08-470D2D7168E3}.AppStore|ARM.ActiveCfg = Release|Any CPU
		{35846AAB-F40C-4124-AB08-470D2D7168E3}.AppStore|ARM.Build.0 = Release|Any CPU
		{35846AAB-F40C-4124-AB08-470D2D7168E3}.AppStore|iPhone.ActiveCfg = Release|Any CPU
		{35846AAB-F40C-4124-AB08-470D2D7168E3}.AppStore|iPhone.Build.0 = Release|Any CPU
		{35846AAB-F40C-4124-AB08-470D2D7168E3}.AppStore|iPhoneSimulator.ActiveCfg = Release|Any CPU
		{35846AAB-F40C-4124-AB08-470D2D7168E3}.AppStore|iPhoneSimulator.Build.0 = Release|Any CPU
		{35846AAB-F40C-4124-AB08-470D2D7168E3}.AppStore|Mixed Platforms.ActiveCfg = Release|Any CPU
		{35846AAB-F40C-4124-AB08-470D2D7168E3}.AppStore|Mixed Platforms.Build.0 = Release|Any CPU
		{35846AAB-F40C-4124-AB08-470D2D7168E3}.AppStore|x64.ActiveCfg = Release|Any CPU
		{35846AAB-F40C-4124-AB08-470D2D7168E3}.AppStore|x64.Build.0 = Release|Any CPU
		{35846AAB-F40C-4124-AB08-470D2D7168E3}.AppStore|x86.ActiveCfg = Release|Any CPU
		{35846AAB-F40C-4124-AB08-470D2D7168E3}.AppStore|x86.Build.0 = Release|Any CPU
		{35846AAB-F40C-4124-AB08-470D2D7168E3}.Debug|Any CPU.ActiveCfg = Debug|Any CPU
		{35846AAB-F40C-4124-AB08-470D2D7168E3}.Debug|Any CPU.Build.0 = Debug|Any CPU
		{35846AAB-F40C-4124-AB08-470D2D7168E3}.Debug|ARM.ActiveCfg = Debug|Any CPU
		{35846AAB-F40C-4124-AB08-470D2D7168E3}.Debug|ARM.Build.0 = Debug|Any CPU
		{35846AAB-F40C-4124-AB08-470D2D7168E3}.Debug|iPhone.ActiveCfg = Debug|Any CPU
		{35846AAB-F40C-4124-AB08-470D2D7168E3}.Debug|iPhone.Build.0 = Debug|Any CPU
		{35846AAB-F40C-4124-AB08-470D2D7168E3}.Debug|iPhoneSimulator.ActiveCfg = Debug|Any CPU
		{35846AAB-F40C-4124-AB08-470D2D7168E3}.Debug|iPhoneSimulator.Build.0 = Debug|Any CPU
		{35846AAB-F40C-4124-AB08-470D2D7168E3}.Debug|Mixed Platforms.ActiveCfg = Debug|Any CPU
		{35846AAB-F40C-4124-AB08-470D2D7168E3}.Debug|Mixed Platforms.Build.0 = Debug|Any CPU
		{35846AAB-F40C-4124-AB08-470D2D7168E3}.Debug|x64.ActiveCfg = Debug|Any CPU
		{35846AAB-F40C-4124-AB08-470D2D7168E3}.Debug|x64.Build.0 = Debug|Any CPU
		{35846AAB-F40C-4124-AB08-470D2D7168E3}.Debug|x86.ActiveCfg = Debug|Any CPU
		{35846AAB-F40C-4124-AB08-470D2D7168E3}.Debug|x86.Build.0 = Debug|Any CPU
		{35846AAB-F40C-4124-AB08-470D2D7168E3}.Release|Any CPU.ActiveCfg = Release|Any CPU
		{35846AAB-F40C-4124-AB08-470D2D7168E3}.Release|Any CPU.Build.0 = Release|Any CPU
		{35846AAB-F40C-4124-AB08-470D2D7168E3}.Release|ARM.ActiveCfg = Release|Any CPU
		{35846AAB-F40C-4124-AB08-470D2D7168E3}.Release|ARM.Build.0 = Release|Any CPU
		{35846AAB-F40C-4124-AB08-470D2D7168E3}.Release|iPhone.ActiveCfg = Release|Any CPU
		{35846AAB-F40C-4124-AB08-470D2D7168E3}.Release|iPhone.Build.0 = Release|Any CPU
		{35846AAB-F40C-4124-AB08-470D2D7168E3}.Release|iPhoneSimulator.ActiveCfg = Release|Any CPU
		{35846AAB-F40C-4124-AB08-470D2D7168E3}.Release|iPhoneSimulator.Build.0 = Release|Any CPU
		{35846AAB-F40C-4124-AB08-470D2D7168E3}.Release|Mixed Platforms.ActiveCfg = Release|Any CPU
		{35846AAB-F40C-4124-AB08-470D2D7168E3}.Release|Mixed Platforms.Build.0 = Release|Any CPU
		{35846AAB-F40C-4124-AB08-470D2D7168E3}.Release|x64.ActiveCfg = Release|Any CPU
		{35846AAB-F40C-4124-AB08-470D2D7168E3}.Release|x64.Build.0 = Release|Any CPU
		{35846AAB-F40C-4124-AB08-470D2D7168E3}.Release|x86.ActiveCfg = Release|Any CPU
		{35846AAB-F40C-4124-AB08-470D2D7168E3}.Release|x86.Build.0 = Release|Any CPU
		{75C36141-914D-4E54-A283-5CE0CEAA6D19}.Ad-Hoc|Any CPU.ActiveCfg = Release|Any CPU
		{75C36141-914D-4E54-A283-5CE0CEAA6D19}.Ad-Hoc|Any CPU.Build.0 = Release|Any CPU
		{75C36141-914D-4E54-A283-5CE0CEAA6D19}.Ad-Hoc|ARM.ActiveCfg = Release|Any CPU
		{75C36141-914D-4E54-A283-5CE0CEAA6D19}.Ad-Hoc|ARM.Build.0 = Release|Any CPU
		{75C36141-914D-4E54-A283-5CE0CEAA6D19}.Ad-Hoc|iPhone.ActiveCfg = Release|Any CPU
		{75C36141-914D-4E54-A283-5CE0CEAA6D19}.Ad-Hoc|iPhone.Build.0 = Release|Any CPU
		{75C36141-914D-4E54-A283-5CE0CEAA6D19}.Ad-Hoc|iPhoneSimulator.ActiveCfg = Release|Any CPU
		{75C36141-914D-4E54-A283-5CE0CEAA6D19}.Ad-Hoc|iPhoneSimulator.Build.0 = Release|Any CPU
		{75C36141-914D-4E54-A283-5CE0CEAA6D19}.Ad-Hoc|Mixed Platforms.ActiveCfg = Release|Any CPU
		{75C36141-914D-4E54-A283-5CE0CEAA6D19}.Ad-Hoc|Mixed Platforms.Build.0 = Release|Any CPU
		{75C36141-914D-4E54-A283-5CE0CEAA6D19}.Ad-Hoc|x64.ActiveCfg = Release|Any CPU
		{75C36141-914D-4E54-A283-5CE0CEAA6D19}.Ad-Hoc|x64.Build.0 = Release|Any CPU
		{75C36141-914D-4E54-A283-5CE0CEAA6D19}.Ad-Hoc|x86.ActiveCfg = Release|Any CPU
		{75C36141-914D-4E54-A283-5CE0CEAA6D19}.Ad-Hoc|x86.Build.0 = Release|Any CPU
		{75C36141-914D-4E54-A283-5CE0CEAA6D19}.AppStore|Any CPU.ActiveCfg = Release|Any CPU
		{75C36141-914D-4E54-A283-5CE0CEAA6D19}.AppStore|Any CPU.Build.0 = Release|Any CPU
		{75C36141-914D-4E54-A283-5CE0CEAA6D19}.AppStore|ARM.ActiveCfg = Release|Any CPU
		{75C36141-914D-4E54-A283-5CE0CEAA6D19}.AppStore|ARM.Build.0 = Release|Any CPU
		{75C36141-914D-4E54-A283-5CE0CEAA6D19}.AppStore|iPhone.ActiveCfg = Release|Any CPU
		{75C36141-914D-4E54-A283-5CE0CEAA6D19}.AppStore|iPhone.Build.0 = Release|Any CPU
		{75C36141-914D-4E54-A283-5CE0CEAA6D19}.AppStore|iPhoneSimulator.ActiveCfg = Release|Any CPU
		{75C36141-914D-4E54-A283-5CE0CEAA6D19}.AppStore|iPhoneSimulator.Build.0 = Release|Any CPU
		{75C36141-914D-4E54-A283-5CE0CEAA6D19}.AppStore|Mixed Platforms.ActiveCfg = Release|Any CPU
		{75C36141-914D-4E54-A283-5CE0CEAA6D19}.AppStore|Mixed Platforms.Build.0 = Release|Any CPU
		{75C36141-914D-4E54-A283-5CE0CEAA6D19}.AppStore|x64.ActiveCfg = Release|Any CPU
		{75C36141-914D-4E54-A283-5CE0CEAA6D19}.AppStore|x64.Build.0 = Release|Any CPU
		{75C36141-914D-4E54-A283-5CE0CEAA6D19}.AppStore|x86.ActiveCfg = Release|Any CPU
		{75C36141-914D-4E54-A283-5CE0CEAA6D19}.AppStore|x86.Build.0 = Release|Any CPU
		{75C36141-914D-4E54-A283-5CE0CEAA6D19}.Debug|Any CPU.ActiveCfg = Debug|Any CPU
		{75C36141-914D-4E54-A283-5CE0CEAA6D19}.Debug|Any CPU.Build.0 = Debug|Any CPU
		{75C36141-914D-4E54-A283-5CE0CEAA6D19}.Debug|ARM.ActiveCfg = Debug|Any CPU
		{75C36141-914D-4E54-A283-5CE0CEAA6D19}.Debug|ARM.Build.0 = Debug|Any CPU
		{75C36141-914D-4E54-A283-5CE0CEAA6D19}.Debug|iPhone.ActiveCfg = Debug|Any CPU
		{75C36141-914D-4E54-A283-5CE0CEAA6D19}.Debug|iPhone.Build.0 = Debug|Any CPU
		{75C36141-914D-4E54-A283-5CE0CEAA6D19}.Debug|iPhoneSimulator.ActiveCfg = Debug|Any CPU
		{75C36141-914D-4E54-A283-5CE0CEAA6D19}.Debug|iPhoneSimulator.Build.0 = Debug|Any CPU
		{75C36141-914D-4E54-A283-5CE0CEAA6D19}.Debug|Mixed Platforms.ActiveCfg = Debug|Any CPU
		{75C36141-914D-4E54-A283-5CE0CEAA6D19}.Debug|Mixed Platforms.Build.0 = Debug|Any CPU
		{75C36141-914D-4E54-A283-5CE0CEAA6D19}.Debug|x64.ActiveCfg = Debug|Any CPU
		{75C36141-914D-4E54-A283-5CE0CEAA6D19}.Debug|x64.Build.0 = Debug|Any CPU
		{75C36141-914D-4E54-A283-5CE0CEAA6D19}.Debug|x86.ActiveCfg = Debug|Any CPU
		{75C36141-914D-4E54-A283-5CE0CEAA6D19}.Debug|x86.Build.0 = Debug|Any CPU
		{75C36141-914D-4E54-A283-5CE0CEAA6D19}.Release|Any CPU.ActiveCfg = Release|Any CPU
		{75C36141-914D-4E54-A283-5CE0CEAA6D19}.Release|Any CPU.Build.0 = Release|Any CPU
		{75C36141-914D-4E54-A283-5CE0CEAA6D19}.Release|ARM.ActiveCfg = Release|Any CPU
		{75C36141-914D-4E54-A283-5CE0CEAA6D19}.Release|ARM.Build.0 = Release|Any CPU
		{75C36141-914D-4E54-A283-5CE0CEAA6D19}.Release|iPhone.ActiveCfg = Release|Any CPU
		{75C36141-914D-4E54-A283-5CE0CEAA6D19}.Release|iPhone.Build.0 = Release|Any CPU
		{75C36141-914D-4E54-A283-5CE0CEAA6D19}.Release|iPhoneSimulator.ActiveCfg = Release|Any CPU
		{75C36141-914D-4E54-A283-5CE0CEAA6D19}.Release|iPhoneSimulator.Build.0 = Release|Any CPU
		{75C36141-914D-4E54-A283-5CE0CEAA6D19}.Release|Mixed Platforms.ActiveCfg = Release|Any CPU
		{75C36141-914D-4E54-A283-5CE0CEAA6D19}.Release|Mixed Platforms.Build.0 = Release|Any CPU
		{75C36141-914D-4E54-A283-5CE0CEAA6D19}.Release|x64.ActiveCfg = Release|Any CPU
		{75C36141-914D-4E54-A283-5CE0CEAA6D19}.Release|x64.Build.0 = Release|Any CPU
		{75C36141-914D-4E54-A283-5CE0CEAA6D19}.Release|x86.ActiveCfg = Release|Any CPU
		{75C36141-914D-4E54-A283-5CE0CEAA6D19}.Release|x86.Build.0 = Release|Any CPU
		{82102068-AA76-4B18-B5F5-9EE3CF5C8225}.Ad-Hoc|Any CPU.ActiveCfg = Release|Any CPU
		{82102068-AA76-4B18-B5F5-9EE3CF5C8225}.Ad-Hoc|Any CPU.Build.0 = Release|Any CPU
		{82102068-AA76-4B18-B5F5-9EE3CF5C8225}.Ad-Hoc|Any CPU.Deploy.0 = Release|Any CPU
		{82102068-AA76-4B18-B5F5-9EE3CF5C8225}.Ad-Hoc|ARM.ActiveCfg = Release|Any CPU
		{82102068-AA76-4B18-B5F5-9EE3CF5C8225}.Ad-Hoc|iPhone.ActiveCfg = Release|Any CPU
		{82102068-AA76-4B18-B5F5-9EE3CF5C8225}.Ad-Hoc|iPhoneSimulator.ActiveCfg = Release|Any CPU
		{82102068-AA76-4B18-B5F5-9EE3CF5C8225}.Ad-Hoc|Mixed Platforms.ActiveCfg = Release|Any CPU
		{82102068-AA76-4B18-B5F5-9EE3CF5C8225}.Ad-Hoc|Mixed Platforms.Build.0 = Release|Any CPU
		{82102068-AA76-4B18-B5F5-9EE3CF5C8225}.Ad-Hoc|Mixed Platforms.Deploy.0 = Release|Any CPU
		{82102068-AA76-4B18-B5F5-9EE3CF5C8225}.Ad-Hoc|x64.ActiveCfg = Debug|Any CPU
		{82102068-AA76-4B18-B5F5-9EE3CF5C8225}.Ad-Hoc|x86.ActiveCfg = Release|Any CPU
		{82102068-AA76-4B18-B5F5-9EE3CF5C8225}.AppStore|Any CPU.ActiveCfg = Release|Any CPU
		{82102068-AA76-4B18-B5F5-9EE3CF5C8225}.AppStore|Any CPU.Build.0 = Release|Any CPU
		{82102068-AA76-4B18-B5F5-9EE3CF5C8225}.AppStore|Any CPU.Deploy.0 = Release|Any CPU
		{82102068-AA76-4B18-B5F5-9EE3CF5C8225}.AppStore|ARM.ActiveCfg = Release|Any CPU
		{82102068-AA76-4B18-B5F5-9EE3CF5C8225}.AppStore|iPhone.ActiveCfg = Release|Any CPU
		{82102068-AA76-4B18-B5F5-9EE3CF5C8225}.AppStore|iPhoneSimulator.ActiveCfg = Release|Any CPU
		{82102068-AA76-4B18-B5F5-9EE3CF5C8225}.AppStore|Mixed Platforms.ActiveCfg = Release|Any CPU
		{82102068-AA76-4B18-B5F5-9EE3CF5C8225}.AppStore|Mixed Platforms.Build.0 = Release|Any CPU
		{82102068-AA76-4B18-B5F5-9EE3CF5C8225}.AppStore|Mixed Platforms.Deploy.0 = Release|Any CPU
		{82102068-AA76-4B18-B5F5-9EE3CF5C8225}.AppStore|x64.ActiveCfg = Debug|Any CPU
		{82102068-AA76-4B18-B5F5-9EE3CF5C8225}.AppStore|x86.ActiveCfg = Release|Any CPU
		{82102068-AA76-4B18-B5F5-9EE3CF5C8225}.Debug|Any CPU.ActiveCfg = Debug|Any CPU
		{82102068-AA76-4B18-B5F5-9EE3CF5C8225}.Debug|Any CPU.Build.0 = Debug|Any CPU
		{82102068-AA76-4B18-B5F5-9EE3CF5C8225}.Debug|Any CPU.Deploy.0 = Debug|Any CPU
		{82102068-AA76-4B18-B5F5-9EE3CF5C8225}.Debug|ARM.ActiveCfg = Debug|Any CPU
		{82102068-AA76-4B18-B5F5-9EE3CF5C8225}.Debug|iPhone.ActiveCfg = Debug|Any CPU
		{82102068-AA76-4B18-B5F5-9EE3CF5C8225}.Debug|iPhoneSimulator.ActiveCfg = Debug|Any CPU
		{82102068-AA76-4B18-B5F5-9EE3CF5C8225}.Debug|Mixed Platforms.ActiveCfg = Debug|Any CPU
		{82102068-AA76-4B18-B5F5-9EE3CF5C8225}.Debug|Mixed Platforms.Build.0 = Debug|Any CPU
		{82102068-AA76-4B18-B5F5-9EE3CF5C8225}.Debug|Mixed Platforms.Deploy.0 = Debug|Any CPU
		{82102068-AA76-4B18-B5F5-9EE3CF5C8225}.Debug|x64.ActiveCfg = Debug|Any CPU
		{82102068-AA76-4B18-B5F5-9EE3CF5C8225}.Debug|x86.ActiveCfg = Debug|Any CPU
		{82102068-AA76-4B18-B5F5-9EE3CF5C8225}.Release|Any CPU.ActiveCfg = Release|Any CPU
		{82102068-AA76-4B18-B5F5-9EE3CF5C8225}.Release|Any CPU.Build.0 = Release|Any CPU
		{82102068-AA76-4B18-B5F5-9EE3CF5C8225}.Release|Any CPU.Deploy.0 = Release|Any CPU
		{82102068-AA76-4B18-B5F5-9EE3CF5C8225}.Release|ARM.ActiveCfg = Release|Any CPU
		{82102068-AA76-4B18-B5F5-9EE3CF5C8225}.Release|iPhone.ActiveCfg = Release|Any CPU
		{82102068-AA76-4B18-B5F5-9EE3CF5C8225}.Release|iPhoneSimulator.ActiveCfg = Release|Any CPU
		{82102068-AA76-4B18-B5F5-9EE3CF5C8225}.Release|Mixed Platforms.ActiveCfg = Release|Any CPU
		{82102068-AA76-4B18-B5F5-9EE3CF5C8225}.Release|Mixed Platforms.Build.0 = Release|Any CPU
		{82102068-AA76-4B18-B5F5-9EE3CF5C8225}.Release|Mixed Platforms.Deploy.0 = Release|Any CPU
		{82102068-AA76-4B18-B5F5-9EE3CF5C8225}.Release|x64.ActiveCfg = Release|Any CPU
		{82102068-AA76-4B18-B5F5-9EE3CF5C8225}.Release|x86.ActiveCfg = Release|Any CPU
		{93BA4AE6-BF20-42CD-A322-27D8899E7DF7}.Ad-Hoc|Any CPU.ActiveCfg = Release|Any CPU
		{93BA4AE6-BF20-42CD-A322-27D8899E7DF7}.Ad-Hoc|Any CPU.Build.0 = Release|Any CPU
		{93BA4AE6-BF20-42CD-A322-27D8899E7DF7}.Ad-Hoc|ARM.ActiveCfg = Release|Any CPU
		{93BA4AE6-BF20-42CD-A322-27D8899E7DF7}.Ad-Hoc|ARM.Build.0 = Release|Any CPU
		{93BA4AE6-BF20-42CD-A322-27D8899E7DF7}.Ad-Hoc|iPhone.ActiveCfg = Release|Any CPU
		{93BA4AE6-BF20-42CD-A322-27D8899E7DF7}.Ad-Hoc|iPhone.Build.0 = Release|Any CPU
		{93BA4AE6-BF20-42CD-A322-27D8899E7DF7}.Ad-Hoc|iPhoneSimulator.ActiveCfg = Release|Any CPU
		{93BA4AE6-BF20-42CD-A322-27D8899E7DF7}.Ad-Hoc|iPhoneSimulator.Build.0 = Release|Any CPU
		{93BA4AE6-BF20-42CD-A322-27D8899E7DF7}.Ad-Hoc|Mixed Platforms.ActiveCfg = Release|Any CPU
		{93BA4AE6-BF20-42CD-A322-27D8899E7DF7}.Ad-Hoc|Mixed Platforms.Build.0 = Release|Any CPU
		{93BA4AE6-BF20-42CD-A322-27D8899E7DF7}.Ad-Hoc|x64.ActiveCfg = Release|Any CPU
		{93BA4AE6-BF20-42CD-A322-27D8899E7DF7}.Ad-Hoc|x64.Build.0 = Release|Any CPU
		{93BA4AE6-BF20-42CD-A322-27D8899E7DF7}.Ad-Hoc|x86.ActiveCfg = Release|Any CPU
		{93BA4AE6-BF20-42CD-A322-27D8899E7DF7}.Ad-Hoc|x86.Build.0 = Release|Any CPU
		{93BA4AE6-BF20-42CD-A322-27D8899E7DF7}.AppStore|Any CPU.ActiveCfg = Release|Any CPU
		{93BA4AE6-BF20-42CD-A322-27D8899E7DF7}.AppStore|Any CPU.Build.0 = Release|Any CPU
		{93BA4AE6-BF20-42CD-A322-27D8899E7DF7}.AppStore|ARM.ActiveCfg = Release|Any CPU
		{93BA4AE6-BF20-42CD-A322-27D8899E7DF7}.AppStore|ARM.Build.0 = Release|Any CPU
		{93BA4AE6-BF20-42CD-A322-27D8899E7DF7}.AppStore|iPhone.ActiveCfg = Release|Any CPU
		{93BA4AE6-BF20-42CD-A322-27D8899E7DF7}.AppStore|iPhone.Build.0 = Release|Any CPU
		{93BA4AE6-BF20-42CD-A322-27D8899E7DF7}.AppStore|iPhoneSimulator.ActiveCfg = Release|Any CPU
		{93BA4AE6-BF20-42CD-A322-27D8899E7DF7}.AppStore|iPhoneSimulator.Build.0 = Release|Any CPU
		{93BA4AE6-BF20-42CD-A322-27D8899E7DF7}.AppStore|Mixed Platforms.ActiveCfg = Release|Any CPU
		{93BA4AE6-BF20-42CD-A322-27D8899E7DF7}.AppStore|Mixed Platforms.Build.0 = Release|Any CPU
		{93BA4AE6-BF20-42CD-A322-27D8899E7DF7}.AppStore|x64.ActiveCfg = Release|Any CPU
		{93BA4AE6-BF20-42CD-A322-27D8899E7DF7}.AppStore|x64.Build.0 = Release|Any CPU
		{93BA4AE6-BF20-42CD-A322-27D8899E7DF7}.AppStore|x86.ActiveCfg = Release|Any CPU
		{93BA4AE6-BF20-42CD-A322-27D8899E7DF7}.AppStore|x86.Build.0 = Release|Any CPU
		{93BA4AE6-BF20-42CD-A322-27D8899E7DF7}.Debug|Any CPU.ActiveCfg = Debug|Any CPU
		{93BA4AE6-BF20-42CD-A322-27D8899E7DF7}.Debug|Any CPU.Build.0 = Debug|Any CPU
		{93BA4AE6-BF20-42CD-A322-27D8899E7DF7}.Debug|ARM.ActiveCfg = Debug|Any CPU
		{93BA4AE6-BF20-42CD-A322-27D8899E7DF7}.Debug|ARM.Build.0 = Debug|Any CPU
		{93BA4AE6-BF20-42CD-A322-27D8899E7DF7}.Debug|iPhone.ActiveCfg = Debug|Any CPU
		{93BA4AE6-BF20-42CD-A322-27D8899E7DF7}.Debug|iPhone.Build.0 = Debug|Any CPU
		{93BA4AE6-BF20-42CD-A322-27D8899E7DF7}.Debug|iPhoneSimulator.ActiveCfg = Debug|Any CPU
		{93BA4AE6-BF20-42CD-A322-27D8899E7DF7}.Debug|iPhoneSimulator.Build.0 = Debug|Any CPU
		{93BA4AE6-BF20-42CD-A322-27D8899E7DF7}.Debug|Mixed Platforms.ActiveCfg = Debug|Any CPU
		{93BA4AE6-BF20-42CD-A322-27D8899E7DF7}.Debug|Mixed Platforms.Build.0 = Debug|Any CPU
		{93BA4AE6-BF20-42CD-A322-27D8899E7DF7}.Debug|x64.ActiveCfg = Debug|Any CPU
		{93BA4AE6-BF20-42CD-A322-27D8899E7DF7}.Debug|x64.Build.0 = Debug|Any CPU
		{93BA4AE6-BF20-42CD-A322-27D8899E7DF7}.Debug|x86.ActiveCfg = Debug|Any CPU
		{93BA4AE6-BF20-42CD-A322-27D8899E7DF7}.Debug|x86.Build.0 = Debug|Any CPU
		{93BA4AE6-BF20-42CD-A322-27D8899E7DF7}.Release|Any CPU.ActiveCfg = Release|Any CPU
		{93BA4AE6-BF20-42CD-A322-27D8899E7DF7}.Release|Any CPU.Build.0 = Release|Any CPU
		{93BA4AE6-BF20-42CD-A322-27D8899E7DF7}.Release|ARM.ActiveCfg = Release|Any CPU
		{93BA4AE6-BF20-42CD-A322-27D8899E7DF7}.Release|ARM.Build.0 = Release|Any CPU
		{93BA4AE6-BF20-42CD-A322-27D8899E7DF7}.Release|iPhone.ActiveCfg = Release|Any CPU
		{93BA4AE6-BF20-42CD-A322-27D8899E7DF7}.Release|iPhone.Build.0 = Release|Any CPU
		{93BA4AE6-BF20-42CD-A322-27D8899E7DF7}.Release|iPhoneSimulator.ActiveCfg = Release|Any CPU
		{93BA4AE6-BF20-42CD-A322-27D8899E7DF7}.Release|iPhoneSimulator.Build.0 = Release|Any CPU
		{93BA4AE6-BF20-42CD-A322-27D8899E7DF7}.Release|Mixed Platforms.ActiveCfg = Release|Any CPU
		{93BA4AE6-BF20-42CD-A322-27D8899E7DF7}.Release|Mixed Platforms.Build.0 = Release|Any CPU
		{93BA4AE6-BF20-42CD-A322-27D8899E7DF7}.Release|x64.ActiveCfg = Release|Any CPU
		{93BA4AE6-BF20-42CD-A322-27D8899E7DF7}.Release|x64.Build.0 = Release|Any CPU
		{93BA4AE6-BF20-42CD-A322-27D8899E7DF7}.Release|x86.ActiveCfg = Release|Any CPU
		{93BA4AE6-BF20-42CD-A322-27D8899E7DF7}.Release|x86.Build.0 = Release|Any CPU
		{E33DEEF3-7E21-4B11-A7A2-4529FE900F36}.Ad-Hoc|Any CPU.ActiveCfg = Ad-Hoc|iPhone
		{E33DEEF3-7E21-4B11-A7A2-4529FE900F36}.Ad-Hoc|ARM.ActiveCfg = Ad-Hoc|iPhone
		{E33DEEF3-7E21-4B11-A7A2-4529FE900F36}.Ad-Hoc|iPhone.ActiveCfg = Ad-Hoc|iPhone
		{E33DEEF3-7E21-4B11-A7A2-4529FE900F36}.Ad-Hoc|iPhone.Build.0 = Ad-Hoc|iPhone
		{E33DEEF3-7E21-4B11-A7A2-4529FE900F36}.Ad-Hoc|iPhoneSimulator.ActiveCfg = Ad-Hoc|iPhoneSimulator
		{E33DEEF3-7E21-4B11-A7A2-4529FE900F36}.Ad-Hoc|iPhoneSimulator.Build.0 = Ad-Hoc|iPhoneSimulator
		{E33DEEF3-7E21-4B11-A7A2-4529FE900F36}.Ad-Hoc|Mixed Platforms.ActiveCfg = Ad-Hoc|iPhone
		{E33DEEF3-7E21-4B11-A7A2-4529FE900F36}.Ad-Hoc|Mixed Platforms.Build.0 = Ad-Hoc|iPhone
		{E33DEEF3-7E21-4B11-A7A2-4529FE900F36}.Ad-Hoc|x64.ActiveCfg = Ad-Hoc|iPhoneSimulator
		{E33DEEF3-7E21-4B11-A7A2-4529FE900F36}.Ad-Hoc|x86.ActiveCfg = Ad-Hoc|iPhone
		{E33DEEF3-7E21-4B11-A7A2-4529FE900F36}.AppStore|Any CPU.ActiveCfg = AppStore|iPhone
		{E33DEEF3-7E21-4B11-A7A2-4529FE900F36}.AppStore|ARM.ActiveCfg = AppStore|iPhone
		{E33DEEF3-7E21-4B11-A7A2-4529FE900F36}.AppStore|iPhone.ActiveCfg = AppStore|iPhone
		{E33DEEF3-7E21-4B11-A7A2-4529FE900F36}.AppStore|iPhone.Build.0 = AppStore|iPhone
		{E33DEEF3-7E21-4B11-A7A2-4529FE900F36}.AppStore|iPhoneSimulator.ActiveCfg = AppStore|iPhoneSimulator
		{E33DEEF3-7E21-4B11-A7A2-4529FE900F36}.AppStore|iPhoneSimulator.Build.0 = AppStore|iPhoneSimulator
		{E33DEEF3-7E21-4B11-A7A2-4529FE900F36}.AppStore|Mixed Platforms.ActiveCfg = AppStore|iPhone
		{E33DEEF3-7E21-4B11-A7A2-4529FE900F36}.AppStore|Mixed Platforms.Build.0 = AppStore|iPhone
		{E33DEEF3-7E21-4B11-A7A2-4529FE900F36}.AppStore|x64.ActiveCfg = AppStore|iPhoneSimulator
		{E33DEEF3-7E21-4B11-A7A2-4529FE900F36}.AppStore|x86.ActiveCfg = AppStore|iPhone
		{E33DEEF3-7E21-4B11-A7A2-4529FE900F36}.Debug|Any CPU.ActiveCfg = Debug|iPhone
		{E33DEEF3-7E21-4B11-A7A2-4529FE900F36}.Debug|ARM.ActiveCfg = Debug|iPhone
		{E33DEEF3-7E21-4B11-A7A2-4529FE900F36}.Debug|iPhone.ActiveCfg = Debug|iPhone
		{E33DEEF3-7E21-4B11-A7A2-4529FE900F36}.Debug|iPhone.Build.0 = Debug|iPhone
		{E33DEEF3-7E21-4B11-A7A2-4529FE900F36}.Debug|iPhoneSimulator.ActiveCfg = Debug|iPhoneSimulator
		{E33DEEF3-7E21-4B11-A7A2-4529FE900F36}.Debug|iPhoneSimulator.Build.0 = Debug|iPhoneSimulator
		{E33DEEF3-7E21-4B11-A7A2-4529FE900F36}.Debug|Mixed Platforms.ActiveCfg = Debug|iPhone
		{E33DEEF3-7E21-4B11-A7A2-4529FE900F36}.Debug|Mixed Platforms.Build.0 = Debug|iPhone
		{E33DEEF3-7E21-4B11-A7A2-4529FE900F36}.Debug|x64.ActiveCfg = Debug|iPhoneSimulator
		{E33DEEF3-7E21-4B11-A7A2-4529FE900F36}.Debug|x86.ActiveCfg = Debug|iPhone
		{E33DEEF3-7E21-4B11-A7A2-4529FE900F36}.Release|Any CPU.ActiveCfg = Release|iPhone
		{E33DEEF3-7E21-4B11-A7A2-4529FE900F36}.Release|ARM.ActiveCfg = Release|iPhone
		{E33DEEF3-7E21-4B11-A7A2-4529FE900F36}.Release|iPhone.ActiveCfg = Release|iPhone
		{E33DEEF3-7E21-4B11-A7A2-4529FE900F36}.Release|iPhone.Build.0 = Release|iPhone
		{E33DEEF3-7E21-4B11-A7A2-4529FE900F36}.Release|iPhoneSimulator.ActiveCfg = Release|iPhoneSimulator
		{E33DEEF3-7E21-4B11-A7A2-4529FE900F36}.Release|iPhoneSimulator.Build.0 = Release|iPhoneSimulator
		{E33DEEF3-7E21-4B11-A7A2-4529FE900F36}.Release|Mixed Platforms.ActiveCfg = Release|iPhone
		{E33DEEF3-7E21-4B11-A7A2-4529FE900F36}.Release|Mixed Platforms.Build.0 = Release|iPhone
		{E33DEEF3-7E21-4B11-A7A2-4529FE900F36}.Release|x64.ActiveCfg = Release|iPhoneSimulator
		{E33DEEF3-7E21-4B11-A7A2-4529FE900F36}.Release|x86.ActiveCfg = Release|iPhone
	EndGlobalSection
	GlobalSection(NestedProjects) = preSolution
		{E33DEEF3-7E21-4B11-A7A2-4529FE900F36} = {51769D52-16EE-46C1-A44E-907583A68B21}
		{82102068-AA76-4B18-B5F5-9EE3CF5C8225} = {51769D52-16EE-46C1-A44E-907583A68B21}
		{2A0002FC-B531-4A60-80BD-538FD993F594} = {51769D52-16EE-46C1-A44E-907583A68B21}
		{35846AAB-F40C-4124-AB08-470D2D7168E3} = {806325CB-D934-4A15-A476-408F665A6A0B}
		{93BA4AE6-BF20-42CD-A322-27D8899E7DF7} = {806325CB-D934-4A15-A476-408F665A6A0B}
	EndGlobalSection
	GlobalSection(SharedMSBuildProjectFiles) = preSolution
		TekConf.Win\TekConf.Win.Shared\TekConf.Win.Shared.projitems*{cd4bb6c0-24f4-4287-8ddd-744bb1239db8}*SharedItemsImports = 4
		TekConf.Win\TekConf.Win.Shared\TekConf.Win.Shared.projitems*{fc82f959-f3a3-40e9-be4a-b853694284b2}*SharedItemsImports = 13
		TekConf.Win\TekConf.Win.Shared\TekConf.Win.Shared.projitems*{5886cd97-87c5-4322-935c-0be4f6f28df4}*SharedItemsImports = 4
	EndGlobalSection
	GlobalSection(SolutionProperties) = preSolution
		HideSolutionNode = FALSE
	EndGlobalSection
EndGlobal
